
Microsoft Visual Studio Solution File, Format Version 12.00
# Visual Studio Version 16
VisualStudioVersion = 16.0.31229.75
MinimumVisualStudioVersion = 10.0.40219.1
Project("{8BC9CEB8-8B4A-11D0-8D11-00A0C91BC942}") = "opengl-tutorial-1", "opengl-tutorial-1\opengl-tutorial-1.vcxproj", "{974DA4A5-D5C0-4086-8C39-A6D5F08E8047}"
EndProject
Project("{8BC9CEB8-8B4A-11D0-8D11-00A0C91BC942}") = "opengl-tutorial-2", "opengl-tutorial-2\opengl-tutorial-2.vcxproj", "{9FB36085-FF48-4CBB-909C-DAEE6DE94D19}"
EndProject
Project("{8BC9CEB8-8B4A-11D0-8D11-00A0C91BC942}") = "opengl-tutorial-3", "opengl-tutorial-3\opengl-tutorial-3.vcxproj", "{880F9FB1-B1FC-4916-BAF4-8C0BDBA99A01}"
EndProject
Project("{8BC9CEB8-8B4A-11D0-8D11-00A0C91BC942}") = "opengl-tutorial-4", "opengl-tutorial-4\opengl-tutorial-4.vcxproj", "{121C5839-4F93-487F-A5A3-324CEE9349C4}"
EndProject
Project("{8BC9CEB8-8B4A-11D0-8D11-00A0C91BC942}") = "opengl-tutorial-5", "opengl-tutorial-5\opengl-tutorial-5.vcxproj", "{2A3644F8-A701-41D5-9CE7-6BB94CB908A0}"
EndProject
Project("{8BC9CEB8-8B4A-11D0-8D11-00A0C91BC942}") = "opengl-tutorial-6", "opengl-tutorial-6\opengl-tutorial-6.vcxproj", "{27C68AF6-B03F-4E9A-AA65-C981B7F1530A}"
EndProject
Project("{8BC9CEB8-8B4A-11D0-8D11-00A0C91BC942}") = "opengl-tutorial-7", "opengl-tutorial-7\opengl-tutorial-7.vcxproj", "{F2645E94-8B94-4984-9183-427FDAEC54DE}"
EndProject
Project("{8BC9CEB8-8B4A-11D0-8D11-00A0C91BC942}") = "opengl-tutorial-8", "opengl-tutorial-8\opengl-tutorial-8.vcxproj", "{C9E1CC3F-02B3-419D-8C99-9746B418428C}"
EndProject
Global
	GlobalSection(SolutionConfigurationPlatforms) = preSolution
		Debug|x64 = Debug|x64
		Debug|x86 = Debug|x86
		Release|x64 = Release|x64
		Release|x86 = Release|x86
	EndGlobalSection
	GlobalSection(ProjectConfigurationPlatforms) = postSolution
		{974DA4A5-D5C0-4086-8C39-A6D5F08E8047}.Debug|x64.ActiveCfg = Debug|x64
		{974DA4A5-D5C0-4086-8C39-A6D5F08E8047}.Debug|x64.Build.0 = Debug|x64
		{974DA4A5-D5C0-4086-8C39-A6D5F08E8047}.Debug|x86.ActiveCfg = Debug|Win32
		{974DA4A5-D5C0-4086-8C39-A6D5F08E8047}.Debug|x86.Build.0 = Debug|Win32
		{974DA4A5-D5C0-4086-8C39-A6D5F08E8047}.Release|x64.ActiveCfg = Release|x64
		{974DA4A5-D5C0-4086-8C39-A6D5F08E8047}.Release|x64.Build.0 = Release|x64
		{974DA4A5-D5C0-4086-8C39-A6D5F08E8047}.Release|x86.ActiveCfg = Release|Win32
		{974DA4A5-D5C0-4086-8C39-A6D5F08E8047}.Release|x86.Build.0 = Release|Win32
		{9FB36085-FF48-4CBB-909C-DAEE6DE94D19}.Debug|x64.ActiveCfg = Debug|x64
		{9FB36085-FF48-4CBB-909C-DAEE6DE94D19}.Debug|x64.Build.0 = Debug|x64
		{9FB36085-FF48-4CBB-909C-DAEE6DE94D19}.Debug|x86.ActiveCfg = Debug|Win32
		{9FB36085-FF48-4CBB-909C-DAEE6DE94D19}.Debug|x86.Build.0 = Debug|Win32
		{9FB36085-FF48-4CBB-909C-DAEE6DE94D19}.Release|x64.ActiveCfg = Release|x64
		{9FB36085-FF48-4CBB-909C-DAEE6DE94D19}.Release|x64.Build.0 = Release|x64
		{9FB36085-FF48-4CBB-909C-DAEE6DE94D19}.Release|x86.ActiveCfg = Release|Win32
		{9FB36085-FF48-4CBB-909C-DAEE6DE94D19}.Release|x86.Build.0 = Release|Win32
		{880F9FB1-B1FC-4916-BAF4-8C0BDBA99A01}.Debug|x64.ActiveCfg = Debug|x64
		{880F9FB1-B1FC-4916-BAF4-8C0BDBA99A01}.Debug|x64.Build.0 = Debug|x64
		{880F9FB1-B1FC-4916-BAF4-8C0BDBA99A01}.Debug|x86.ActiveCfg = Debug|Win32
		{880F9FB1-B1FC-4916-BAF4-8C0BDBA99A01}.Debug|x86.Build.0 = Debug|Win32
		{880F9FB1-B1FC-4916-BAF4-8C0BDBA99A01}.Release|x64.ActiveCfg = Release|x64
		{880F9FB1-B1FC-4916-BAF4-8C0BDBA99A01}.Release|x64.Build.0 = Release|x64
		{880F9FB1-B1FC-4916-BAF4-8C0BDBA99A01}.Release|x86.ActiveCfg = Release|Win32
		{880F9FB1-B1FC-4916-BAF4-8C0BDBA99A01}.Release|x86.Build.0 = Release|Win32
		{121C5839-4F93-487F-A5A3-324CEE9349C4}.Debug|x64.ActiveCfg = Debug|x64
		{121C5839-4F93-487F-A5A3-324CEE9349C4}.Debug|x64.Build.0 = Debug|x64
		{121C5839-4F93-487F-A5A3-324CEE9349C4}.Debug|x86.ActiveCfg = Debug|Win32
		{121C5839-4F93-487F-A5A3-324CEE9349C4}.Debug|x86.Build.0 = Debug|Win32
		{121C5839-4F93-487F-A5A3-324CEE9349C4}.Release|x64.ActiveCfg = Release|x64
		{121C5839-4F93-487F-A5A3-324CEE9349C4}.Release|x64.Build.0 = Release|x64
		{121C5839-4F93-487F-A5A3-324CEE9349C4}.Release|x86.ActiveCfg = Release|Win32
		{121C5839-4F93-487F-A5A3-324CEE9349C4}.Release|x86.Build.0 = Release|Win32
		{2A3644F8-A701-41D5-9CE7-6BB94CB908A0}.Debug|x64.ActiveCfg = Debug|x64
		{2A3644F8-A701-41D5-9CE7-6BB94CB908A0}.Debug|x64.Build.0 = Debug|x64
		{2A3644F8-A701-41D5-9CE7-6BB94CB908A0}.Debug|x86.ActiveCfg = Debug|Win32
		{2A3644F8-A701-41D5-9CE7-6BB94CB908A0}.Debug|x86.Build.0 = Debug|Win32
		{2A3644F8-A701-41D5-9CE7-6BB94CB908A0}.Release|x64.ActiveCfg = Release|x64
		{2A3644F8-A701-41D5-9CE7-6BB94CB908A0}.Release|x64.Build.0 = Release|x64
		{2A3644F8-A701-41D5-9CE7-6BB94CB908A0}.Release|x86.ActiveCfg = Release|Win32
		{2A3644F8-A701-41D5-9CE7-6BB94CB908A0}.Release|x86.Build.0 = Release|Win32
		{27C68AF6-B03F-4E9A-AA65-C981B7F1530A}.Debug|x64.ActiveCfg = Debug|x64
		{27C68AF6-B03F-4E9A-AA65-C981B7F1530A}.Debug|x64.Build.0 = Debug|x64
		{27C68AF6-B03F-4E9A-AA65-C981B7F1530A}.Debug|x86.ActiveCfg = Debug|Win32
		{27C68AF6-B03F-4E9A-AA65-C981B7F1530A}.Debug|x86.Build.0 = Debug|Win32
		{27C68AF6-B03F-4E9A-AA65-C981B7F1530A}.Release|x64.ActiveCfg = Release|x64
		{27C68AF6-B03F-4E9A-AA65-C981B7F1530A}.Release|x64.Build.0 = Release|x64
		{27C68AF6-B03F-4E9A-AA65-C981B7F1530A}.Release|x86.ActiveCfg = Release|Win32
		{27C68AF6-B03F-4E9A-AA65-C981B7F1530A}.Release|x86.Build.0 = Release|Win32
		{F2645E94-8B94-4984-9183-427FDAEC54DE}.Debug|x64.ActiveCfg = Debug|x64
		{F2645E94-8B94-4984-9183-427FDAEC54DE}.Debug|x64.Build.0 = Debug|x64
		{F2645E94-8B94-4984-9183-427FDAEC54DE}.Debug|x86.ActiveCfg = Debug|Win32
		{F2645E94-8B94-4984-9183-427FDAEC54DE}.Debug|x86.Build.0 = Debug|Win32
		{F2645E94-8B94-4984-9183-427FDAEC54DE}.Release|x64.ActiveCfg = Release|x64
		{F2645E94-8B94-4984-9183-427FDAEC54DE}.Release|x64.Build.0 = Release|x64
		{F2645E94-8B94-4984-9183-427FDAEC54DE}.Release|x86.ActiveCfg = Release|Win32
		{F2645E94-8B94-4984-9183-427FDAEC54DE}.Release|x86.Build.0 = Release|Win32
		{C9E1CC3F-02B3-419D-8C99-9746B418428C}.Debug|x64.ActiveCfg = Debug|x64
		{C9E1CC3F-02B3-419D-8C99-9746B418428C}.Debug|x64.Build.0 = Debug|x64
		{C9E1CC3F-02B3-419D-8C99-9746B418428C}.Debug|x86.ActiveCfg = Debug|Win32
		{C9E1CC3F-02B3-419D-8C99-9746B418428C}.Debug|x86.Build.0 = Debug|Win32
		{C9E1CC3F-02B3-419D-8C99-9746B418428C}.Release|x64.ActiveCfg = Release|x64
		{C9E1CC3F-02B3-419D-8C99-9746B418428C}.Release|x64.Build.0 = Release|x64
		{C9E1CC3F-02B3-419D-8C99-9746B418428C}.Release|x86.ActiveCfg = Release|Win32
		{C9E1CC3F-02B3-419D-8C99-9746B418428C}.Release|x86.Build.0 = Release|Win32
	EndGlobalSection
	GlobalSection(SolutionProperties) = preSolution
		HideSolutionNode = FALSE
	EndGlobalSection
	GlobalSection(ExtensibilityGlobals) = postSolution
		SolutionGuid = {27A5607B-B087-46A1-A831-DB973168F8BA}
	EndGlobalSection
EndGlobal
